{
    "_readme": [
        "This file locks the dependencies of your project to a known state",
        "Read more about it at https://getcomposer.org/doc/01-basic-usage.md#installing-dependencies",
        "This file is @generated automatically"
    ],
    "content-hash": "d53f3304a1f511bcc596b46f2ff3fdca",
    "packages": [
        {
            "name": "enzymefunctioninitiative/efi-gnd-lib",
            "version": "dev-main",
            "dist": {
                "type": "path",
                "url": "***REMOVED***",
                "reference": "9c55c7fb8b744cde95a1ae60926335294ed86956"
            },
            "type": "library",
            "autoload": {
                "psr-4": {
                    "Efi\\Gnd\\": "src/"
                }
            },
            "license": [
                "GPL-3.0-only"
            ],
            "authors": [
                {
                    "name": "Nils Oberg",
                    "email": "noberg@illinois.edu"
                }
            ],
            "description": "Library for reading EFI Genome Neighborhood Diagram files from PHP",
            "transport-options": {
                "relative": false
            }
        }
    ],
    "packages-dev": [],
    "aliases": [],
    "minimum-stability": "stable",
    "stability-flags": {
        "enzymefunctioninitiative/efi-gnd-lib": 20
    },
    "prefer-stable": false,
    "prefer-lowest": false,
    "platform": {
        "php": ">=8.2"
    },
    "platform-dev": {},
    "plugin-api-version": "2.6.0"
}
