{
    "_readme": [
        "This file locks the dependencies of your project to a known state",
        "Read more about it at https://getcomposer.org/doc/01-basic-usage.md#installing-dependencies",
        "This file is @generated automatically"
    ],
    "content-hash": "a51b26c29182439de35f5aa5c357b568",
    "packages": [
        {
            "name": "enzymefunctioninitiative/efi-gnd-lib",
            "version": "dev-main",
            "source": {
                "type": "git",
                "url": "https://github.com/EnzymeFunctionInitiative/efi-gnd-lib.git",
                "reference": "9c55c7fb8b744cde95a1ae60926335294ed86956"
            },
            "dist": {
                "type": "zip",
                "url": "https://api.github.com/repos/EnzymeFunctionInitiative/efi-gnd-lib/zipball/9c55c7fb8b744cde95a1ae60926335294ed86956",
                "reference": "9c55c7fb8b744cde95a1ae60926335294ed86956",
                "shasum": ""
            },
            "default-branch": true,
            "type": "library",
            "autoload": {
                "psr-4": {
                    "Efi\\Gnd\\": "src/"
                }
            },
            "license": [
                "GPL-3.0-only"
            ],
            "authors": [
                {
                    "name": "Nils Oberg",
                    "email": "noberg@illinois.edu"
                }
            ],
            "description": "Library for reading EFI Genome Neighborhood Diagram files from PHP",
            "support": {
                "source": "https://github.com/EnzymeFunctionInitiative/efi-gnd-lib/tree/main",
                "issues": "https://github.com/EnzymeFunctionInitiative/efi-gnd-lib/issues"
            },
            "time": "2025-12-16T20:41:24+00:00"
        }
    ],
    "packages-dev": [],
    "aliases": [],
    "minimum-stability": "stable",
    "stability-flags": {
        "enzymefunctioninitiative/efi-gnd-lib": 20
    },
    "prefer-stable": false,
    "prefer-lowest": false,
    "platform": {
        "php": ">=8.2"
    },
    "platform-dev": {},
    "plugin-api-version": "2.6.0"
}
